
Microsoft Visual Studio Solution File, Format Version 12.00
Project("{FAE04EC0-301F-11D3-BF4B-00C04F79EFBC}") = "Ogma", "Ogma\Ogma.csproj", "{21BBECF7-55EF-4566-B4AF-EF26A111FC0C}"
EndProject
Global
	GlobalSection(SolutionConfigurationPlatforms) = preSolution
		Debug|Any CPU = Debug|Any CPU
		Release|Any CPU = Release|Any CPU
	EndGlobalSection
	GlobalSection(ProjectConfigurationPlatforms) = postSolution
		{21BBECF7-55EF-4566-B4AF-EF26A111FC0C}.Debug|Any CPU.ActiveCfg = Debug|Any CPU
		{21BBECF7-55EF-4566-B4AF-EF26A111FC0C}.Debug|Any CPU.Build.0 = Debug|Any CPU
		{21BBECF7-55EF-4566-B4AF-EF26A111FC0C}.Release|Any CPU.ActiveCfg = Release|Any CPU
		{21BBECF7-55EF-4566-B4AF-EF26A111FC0C}.Release|Any CPU.Build.0 = Release|Any CPU
	EndGlobalSection
EndGlobal
